
Microsoft Visual Studio Solution File, Format Version 12.00
# Visual Studio Version 17
VisualStudioVersion = 17.11.35312.102
MinimumVisualStudioVersion = 10.0.40219.1
Project("{FAE04EC0-301F-11D3-BF4B-00C04F79EFBC}") = "MacFeliz", "MacFeliz\MacFeliz.csproj", "{038A4D31-93EC-45B8-B627-72C9B3CEDCE2}"
EndProject
Global
	GlobalSection(SolutionConfigurationPlatforms) = preSolution
		Debug|Any CPU = Debug|Any CPU
		Release|Any CPU = Release|Any CPU
	EndGlobalSection
	GlobalSection(ProjectConfigurationPlatforms) = postSolution
		{038A4D31-93EC-45B8-B627-72C9B3CEDCE2}.Debug|Any CPU.ActiveCfg = Debug|Any CPU
		{038A4D31-93EC-45B8-B627-72C9B3CEDCE2}.Debug|Any CPU.Build.0 = Debug|Any CPU
		{038A4D31-93EC-45B8-B627-72C9B3CEDCE2}.Release|Any CPU.ActiveCfg = Release|Any CPU
		{038A4D31-93EC-45B8-B627-72C9B3CEDCE2}.Release|Any CPU.Build.0 = Release|Any CPU
	EndGlobalSection
	GlobalSection(SolutionProperties) = preSolution
		HideSolutionNode = FALSE
	EndGlobalSection
	GlobalSection(ExtensibilityGlobals) = postSolution
		SolutionGuid = {313305D2-3E37-4BFC-BF90-2FDA94E9D7F7}
	EndGlobalSection
EndGlobal
